
Microsoft Visual Studio Solution File, Format Version 11.00
# Visual Studio 2010
Project("{FAE04EC0-301F-11D3-BF4B-00C04F79EFBC}") = "PromotionsExtract", "PromotionsExtract\PromotionsExtract.btproj", "{3951DE9C-A1E6-4A40-8375-DB1441A25F97}"
EndProject
Global
	GlobalSection(TeamFoundationVersionControl) = preSolution
		SccNumberOfProjects = 2
		SccEnterpriseProvider = {4CA58AB2-18FA-4F8D-95D4-32DDF27D184C}
		SccTeamFoundationServer = http://btdevadtfs:8080/tfs/baker_and_taylor
		SccLocalPath0 = .
		SccProjectUniqueName1 = PromotionsExtract\\PromotionsExtract.btproj
		SccProjectName1 = PromotionsExtract
		SccLocalPath1 = PromotionsExtract
	EndGlobalSection
	GlobalSection(SolutionConfigurationPlatforms) = preSolution
		Debug|Any CPU = Debug|Any CPU
		Release|Any CPU = Release|Any CPU
	EndGlobalSection
	GlobalSection(ProjectConfigurationPlatforms) = postSolution
		{3951DE9C-A1E6-4A40-8375-DB1441A25F97}.Debug|Any CPU.ActiveCfg = Debug|Any CPU
		{3951DE9C-A1E6-4A40-8375-DB1441A25F97}.Debug|Any CPU.Build.0 = Debug|Any CPU
		{3951DE9C-A1E6-4A40-8375-DB1441A25F97}.Debug|Any CPU.Deploy.0 = Debug|Any CPU
		{3951DE9C-A1E6-4A40-8375-DB1441A25F97}.Release|Any CPU.ActiveCfg = Release|Any CPU
		{3951DE9C-A1E6-4A40-8375-DB1441A25F97}.Release|Any CPU.Build.0 = Release|Any CPU
		{3951DE9C-A1E6-4A40-8375-DB1441A25F97}.Release|Any CPU.Deploy.0 = Release|Any CPU
	EndGlobalSection
	GlobalSection(SolutionProperties) = preSolution
		HideSolutionNode = FALSE
	EndGlobalSection
EndGlobal
