
Microsoft Visual Studio Solution File, Format Version 12.00
# Visual Studio 2012
Project("{FAE04EC0-301F-11D3-BF4B-00C04F79EFBC}") = "ILSWinService", "ILSWinService\ILSWinService.csproj", "{71AD3CDC-6F1E-4C55-BA80-7BE00281547F}"
EndProject
Project("{FAE04EC0-301F-11D3-BF4B-00C04F79EFBC}") = "BT.TS360API.Common", "..\TS360API\REST\BT.TS360WebAPI\BT.TS360API.Common\BT.TS360API.Common.csproj", "{37B03CBE-B311-452C-B9CC-FEF1DDE7A673}"
EndProject
Global
	GlobalSection(TeamFoundationVersionControl) = preSolution
		SccNumberOfProjects = 3
		SccEnterpriseProvider = {4CA58AB2-18FA-4F8D-95D4-32DDF27D184C}
		SccTeamFoundationServer = https://dev.azure.com/baker-taylorts360
		SccLocalPath0 = .
		SccProjectUniqueName1 = ILSWinService\\ILSWinService.csproj
		SccProjectName1 = ILSWinService
		SccLocalPath1 = ILSWinService
		SccProjectUniqueName2 = ..\\TS360API\\REST\\BT.TS360WebAPI\\BT.TS360API.Common\\BT.TS360API.Common.csproj
		SccProjectName2 = ../TS360API/REST/BT.TS360WebAPI/BT.TS360API.Common
		SccLocalPath2 = ..\\TS360API\\REST\\BT.TS360WebAPI\\BT.TS360API.Common
	EndGlobalSection
	GlobalSection(SolutionConfigurationPlatforms) = preSolution
		Debug|Any CPU = Debug|Any CPU
		Release|Any CPU = Release|Any CPU
	EndGlobalSection
	GlobalSection(ProjectConfigurationPlatforms) = postSolution
		{71AD3CDC-6F1E-4C55-BA80-7BE00281547F}.Debug|Any CPU.ActiveCfg = Debug|Any CPU
		{71AD3CDC-6F1E-4C55-BA80-7BE00281547F}.Debug|Any CPU.Build.0 = Debug|Any CPU
		{71AD3CDC-6F1E-4C55-BA80-7BE00281547F}.Release|Any CPU.ActiveCfg = Release|Any CPU
		{71AD3CDC-6F1E-4C55-BA80-7BE00281547F}.Release|Any CPU.Build.0 = Release|Any CPU
		{37B03CBE-B311-452C-B9CC-FEF1DDE7A673}.Debug|Any CPU.ActiveCfg = Debug|Any CPU
		{37B03CBE-B311-452C-B9CC-FEF1DDE7A673}.Debug|Any CPU.Build.0 = Debug|Any CPU
		{37B03CBE-B311-452C-B9CC-FEF1DDE7A673}.Release|Any CPU.ActiveCfg = Release|Any CPU
		{37B03CBE-B311-452C-B9CC-FEF1DDE7A673}.Release|Any CPU.Build.0 = Release|Any CPU
	EndGlobalSection
	GlobalSection(SolutionProperties) = preSolution
		HideSolutionNode = FALSE
	EndGlobalSection
	GlobalSection(ExtensibilityGlobals) = postSolution
		SolutionGuid = {B3FEB3E7-39CF-485F-A7E6-0516D3643F67}
	EndGlobalSection
EndGlobal
